# @generated by Move, please check-in and do not edit manually.

[move]
version = 3
manifest_digest = "3F33C4C720134F912C3D176FE972625FDDB8BA170C77014EC131A75B468A47E7"
deps_digest = "F8BBB0CCB2491CA29A3DF03D6F92277A4F3574266507ACD77214D37ECA3F3082"
dependencies = [
  { id = "Sui", name = "Sui" },
]

[[move.package]]
id = "MoveStdlib"
source = { git = "https://github.com/MystenLabs/sui.git", rev = "framework/testnet", subdir = "crates\\sui-framework\\packages\\move-stdlib" }

[[move.package]]
id = "Sui"
source = { git = "https://github.com/MystenLabs/sui.git", rev = "framework/testnet", subdir = "crates/sui-framework/packages/sui-framework" }

dependencies = [
  { id = "MoveStdlib", name = "MoveStdlib" },
]

[move.toolchain-version]
compiler-version = "1.55.0"
edition = "2024"
flavor = "sui"

[env]

[env.testnet]
chain-id = "4c78adac"
original-published-id = "0xaa3128b2d38dae849bfa38061f9054f53fab90f7d1c8054404ea416dd5036da2"
latest-published-id = "0xaa3128b2d38dae849bfa38061f9054f53fab90f7d1c8054404ea416dd5036da2"
published-version = "1"
